
Microsoft Visual Studio Solution File, Format Version 12.00
# Visual Studio Version 17
VisualStudioVersion = 17.10.35013.160
MinimumVisualStudioVersion = 10.0.40219.1
Project("{FAE04EC0-301F-11D3-BF4B-00C04F79EFBC}") = "ClickerThing", "ClickerThing\ClickerThing.csproj", "{FBB6A776-EE00-4537-86B4-7F12A3B6D0BF}"
EndProject
Global
	GlobalSection(SolutionConfigurationPlatforms) = preSolution
		Debug|Any CPU = Debug|Any CPU
		Release|Any CPU = Release|Any CPU
	EndGlobalSection
	GlobalSection(ProjectConfigurationPlatforms) = postSolution
		{FBB6A776-EE00-4537-86B4-7F12A3B6D0BF}.Debug|Any CPU.ActiveCfg = Debug|Any CPU
		{FBB6A776-EE00-4537-86B4-7F12A3B6D0BF}.Debug|Any CPU.Build.0 = Debug|Any CPU
		{FBB6A776-EE00-4537-86B4-7F12A3B6D0BF}.Release|Any CPU.ActiveCfg = Release|Any CPU
		{FBB6A776-EE00-4537-86B4-7F12A3B6D0BF}.Release|Any CPU.Build.0 = Release|Any CPU
	EndGlobalSection
	GlobalSection(SolutionProperties) = preSolution
		HideSolutionNode = FALSE
	EndGlobalSection
	GlobalSection(ExtensibilityGlobals) = postSolution
		SolutionGuid = {88E8E5B5-B90C-4254-A242-213358DE0135}
	EndGlobalSection
EndGlobal
